
Microsoft Visual Studio Solution File, Format Version 12.00
Project("{FAE04EC0-301F-11D3-BF4B-00C04F79EFBC}") = "OrbitComms", "OrbitComms\OrbitComms.csproj", "{0130EE64-33CE-461A-B320-D52E9A20202C}"
EndProject
Global
	GlobalSection(SolutionConfigurationPlatforms) = preSolution
		Debug|Any CPU = Debug|Any CPU
		Release|Any CPU = Release|Any CPU
	EndGlobalSection
	GlobalSection(ProjectConfigurationPlatforms) = postSolution
		{0130EE64-33CE-461A-B320-D52E9A20202C}.Debug|Any CPU.ActiveCfg = Debug|Any CPU
		{0130EE64-33CE-461A-B320-D52E9A20202C}.Debug|Any CPU.Build.0 = Debug|Any CPU
		{0130EE64-33CE-461A-B320-D52E9A20202C}.Release|Any CPU.ActiveCfg = Release|Any CPU
		{0130EE64-33CE-461A-B320-D52E9A20202C}.Release|Any CPU.Build.0 = Release|Any CPU
	EndGlobalSection
EndGlobal
